PODS:
  - CBImagePicker (0.9.9)

DEPENDENCIES:
  - CBImagePicker

SPEC REPOS:
  https://github.com/cocoapods/specs.git:
    - CBImagePicker

SPEC CHECKSUMS:
  CBImagePicker: c5d844bc66e78f3de4790602022226c58fbc4b10

PODFILE CHECKSUM: aa2c3658e636237c2fa5cc4f5d70a4990d131bfa

COCOAPODS: 1.6.0.beta.2
